
Microsoft Visual Studio Solution File, Format Version 12.00
# Visual Studio Version 16
VisualStudioVersion = 16.0.29709.97
MinimumVisualStudioVersion = 10.0.40219.1
Project("{9A19103F-16F7-4668-BE54-9A1E7A4F7556}") = "BuildingBlock.Escalation.Model", "BuildingBlock.Escalation.Model\BuildingBlock.Escalation.Model.csproj", "{75EC479F-7255-47EC-83D3-CB2FA5805A8A}"
EndProject
Project("{9A19103F-16F7-4668-BE54-9A1E7A4F7556}") = "BuildingBlock.Escalation.Ticket.Repo", "BuildingBlock.Escalation.Ticket.Repo\BuildingBlock.Escalation.Ticket.Repo.csproj", "{266BE0B5-8A89-4F21-8383-11DEF67E5A33}"
EndProject
Project("{9A19103F-16F7-4668-BE54-9A1E7A4F7556}") = "BuildingBlock.Escalation.Ticket.Service", "BuildingBlock.Escalation.Ticket.Service\BuildingBlock.Escalation.Ticket.Service.csproj", "{AC7942B1-B600-4EAC-8E65-762D1F0F9573}"
EndProject
Global
	GlobalSection(SolutionConfigurationPlatforms) = preSolution
		Debug|Any CPU = Debug|Any CPU
		Release|Any CPU = Release|Any CPU
	EndGlobalSection
	GlobalSection(ProjectConfigurationPlatforms) = postSolution
		{75EC479F-7255-47EC-83D3-CB2FA5805A8A}.Debug|Any CPU.ActiveCfg = Debug|Any CPU
		{75EC479F-7255-47EC-83D3-CB2FA5805A8A}.Debug|Any CPU.Build.0 = Debug|Any CPU
		{75EC479F-7255-47EC-83D3-CB2FA5805A8A}.Release|Any CPU.ActiveCfg = Release|Any CPU
		{75EC479F-7255-47EC-83D3-CB2FA5805A8A}.Release|Any CPU.Build.0 = Release|Any CPU
		{266BE0B5-8A89-4F21-8383-11DEF67E5A33}.Debug|Any CPU.ActiveCfg = Debug|Any CPU
		{266BE0B5-8A89-4F21-8383-11DEF67E5A33}.Debug|Any CPU.Build.0 = Debug|Any CPU
		{266BE0B5-8A89-4F21-8383-11DEF67E5A33}.Release|Any CPU.ActiveCfg = Release|Any CPU
		{266BE0B5-8A89-4F21-8383-11DEF67E5A33}.Release|Any CPU.Build.0 = Release|Any CPU
		{AC7942B1-B600-4EAC-8E65-762D1F0F9573}.Debug|Any CPU.ActiveCfg = Debug|Any CPU
		{AC7942B1-B600-4EAC-8E65-762D1F0F9573}.Debug|Any CPU.Build.0 = Debug|Any CPU
		{AC7942B1-B600-4EAC-8E65-762D1F0F9573}.Release|Any CPU.ActiveCfg = Release|Any CPU
		{AC7942B1-B600-4EAC-8E65-762D1F0F9573}.Release|Any CPU.Build.0 = Release|Any CPU
	EndGlobalSection
	GlobalSection(SolutionProperties) = preSolution
		HideSolutionNode = FALSE
	EndGlobalSection
	GlobalSection(ExtensibilityGlobals) = postSolution
		SolutionGuid = {20C07F90-BB6D-42A5-95F7-F1025605BC3D}
	EndGlobalSection
EndGlobal
