
Microsoft Visual Studio Solution File, Format Version 12.00
# Visual Studio Version 17
VisualStudioVersion = 17.1.32210.238
MinimumVisualStudioVersion = 10.0.40219.1
Project("{9A19103F-16F7-4668-BE54-9A1E7A4F7556}") = "BuildingBlock.Zones.CRMIL.Model", "Common\BuildingBlock.Zones.CRMIL.Model\BuildingBlock.Zones.CRMIL.Model.csproj", "{AEE888FB-94D7-4944-9BDF-4DB9AF715303}"
EndProject
Project("{9A19103F-16F7-4668-BE54-9A1E7A4F7556}") = "BuildingBlock.Zones.CRMIL.Repo", "Common\BuildingBlock.Zones.CRMIL.Repo\BuildingBlock.Zones.CRMIL.Repo.csproj", "{CD742AE1-42BE-486B-9E28-0B32909C2A9C}"
EndProject
Project("{9A19103F-16F7-4668-BE54-9A1E7A4F7556}") = "BuildingBlock.Zones.CRMIL.Service", "Common\BuildingBlock.Zones.CRMIL.Service\BuildingBlock.Zones.CRMIL.Service.csproj", "{7CB3AD93-5CE6-4249-9FF6-ED646FD9AAE2}"
EndProject
Project("{9A19103F-16F7-4668-BE54-9A1E7A4F7556}") = "BuildingBlock.Zones.CRMIL.Api", "BuildingBlock.Zones.CRMIL.Api\BuildingBlock.Zones.CRMIL.Api.csproj", "{A4A705E2-AAEC-47A5-8F80-1B1F30644C9F}"
EndProject
Project("{9A19103F-16F7-4668-BE54-9A1E7A4F7556}") = "BuildingBlock.Zones.CRMIL.Application", "BuildingBlock.Zones.CRMIL.Application\BuildingBlock.Zones.CRMIL.Application.csproj", "{7696D495-F9F9-4EFF-94C2-3398F43A71DF}"
EndProject
Project("{9A19103F-16F7-4668-BE54-9A1E7A4F7556}") = "BuildingBlock.Zones.CRMIL.Api.UnitTests", "BuildingBlockZones.CRMIL.Api.UnitTests\BuildingBlock.Zones.CRMIL.Api.UnitTests.csproj", "{481517B7-BAD7-4039-A838-C3829828108A}"
EndProject
Project("{FAE04EC0-301F-11D3-BF4B-00C04F79EFBC}") = "BuildingBlock.Zones.CRMIL.Service.UnitTests", "BuildingBlock.Zones.CRMIL.Service.UnitTests\BuildingBlock.Zones.CRMIL.Service.UnitTests.csproj", "{D6D6DF29-89CF-401A-80AD-72D20F8F0826}"
EndProject
Project("{FAE04EC0-301F-11D3-BF4B-00C04F79EFBC}") = "BuildingBlock.Zones.CRMIL.Repo.UnitTests", "BuildingBlock.Zones.CRMIL.Repo.UnitTests\BuildingBlock.Zones.CRMIL.Repo.UnitTests.csproj", "{20333277-5E7B-47DD-9EFF-664508388AF6}"
EndProject
Project("{FAE04EC0-301F-11D3-BF4B-00C04F79EFBC}") = "BuildingBlock.Zones.CRMIL.Application.UnitTests", "BuildingBlock.Zones.CRMIL.Application.UnitTests\BuildingBlock.Zones.CRMIL.Application.UnitTests.csproj", "{0F499CAF-D7B8-4BEE-9719-C9B11DAAD5C9}"
EndProject
Global
	GlobalSection(SolutionConfigurationPlatforms) = preSolution
		Debug|Any CPU = Debug|Any CPU
		Release|Any CPU = Release|Any CPU
	EndGlobalSection
	GlobalSection(ProjectConfigurationPlatforms) = postSolution
		{AEE888FB-94D7-4944-9BDF-4DB9AF715303}.Debug|Any CPU.ActiveCfg = Debug|Any CPU
		{AEE888FB-94D7-4944-9BDF-4DB9AF715303}.Debug|Any CPU.Build.0 = Debug|Any CPU
		{AEE888FB-94D7-4944-9BDF-4DB9AF715303}.Release|Any CPU.ActiveCfg = Release|Any CPU
		{AEE888FB-94D7-4944-9BDF-4DB9AF715303}.Release|Any CPU.Build.0 = Release|Any CPU
		{CD742AE1-42BE-486B-9E28-0B32909C2A9C}.Debug|Any CPU.ActiveCfg = Debug|Any CPU
		{CD742AE1-42BE-486B-9E28-0B32909C2A9C}.Debug|Any CPU.Build.0 = Debug|Any CPU
		{CD742AE1-42BE-486B-9E28-0B32909C2A9C}.Release|Any CPU.ActiveCfg = Release|Any CPU
		{CD742AE1-42BE-486B-9E28-0B32909C2A9C}.Release|Any CPU.Build.0 = Release|Any CPU
		{7CB3AD93-5CE6-4249-9FF6-ED646FD9AAE2}.Debug|Any CPU.ActiveCfg = Debug|Any CPU
		{7CB3AD93-5CE6-4249-9FF6-ED646FD9AAE2}.Debug|Any CPU.Build.0 = Debug|Any CPU
		{7CB3AD93-5CE6-4249-9FF6-ED646FD9AAE2}.Release|Any CPU.ActiveCfg = Release|Any CPU
		{7CB3AD93-5CE6-4249-9FF6-ED646FD9AAE2}.Release|Any CPU.Build.0 = Release|Any CPU
		{A4A705E2-AAEC-47A5-8F80-1B1F30644C9F}.Debug|Any CPU.ActiveCfg = Debug|Any CPU
		{A4A705E2-AAEC-47A5-8F80-1B1F30644C9F}.Debug|Any CPU.Build.0 = Debug|Any CPU
		{A4A705E2-AAEC-47A5-8F80-1B1F30644C9F}.Release|Any CPU.ActiveCfg = Release|Any CPU
		{A4A705E2-AAEC-47A5-8F80-1B1F30644C9F}.Release|Any CPU.Build.0 = Release|Any CPU
		{7696D495-F9F9-4EFF-94C2-3398F43A71DF}.Debug|Any CPU.ActiveCfg = Debug|Any CPU
		{7696D495-F9F9-4EFF-94C2-3398F43A71DF}.Debug|Any CPU.Build.0 = Debug|Any CPU
		{7696D495-F9F9-4EFF-94C2-3398F43A71DF}.Release|Any CPU.ActiveCfg = Release|Any CPU
		{7696D495-F9F9-4EFF-94C2-3398F43A71DF}.Release|Any CPU.Build.0 = Release|Any CPU
		{481517B7-BAD7-4039-A838-C3829828108A}.Debug|Any CPU.ActiveCfg = Debug|Any CPU
		{481517B7-BAD7-4039-A838-C3829828108A}.Debug|Any CPU.Build.0 = Debug|Any CPU
		{481517B7-BAD7-4039-A838-C3829828108A}.Release|Any CPU.ActiveCfg = Release|Any CPU
		{481517B7-BAD7-4039-A838-C3829828108A}.Release|Any CPU.Build.0 = Release|Any CPU
		{D6D6DF29-89CF-401A-80AD-72D20F8F0826}.Debug|Any CPU.ActiveCfg = Debug|Any CPU
		{D6D6DF29-89CF-401A-80AD-72D20F8F0826}.Debug|Any CPU.Build.0 = Debug|Any CPU
		{D6D6DF29-89CF-401A-80AD-72D20F8F0826}.Release|Any CPU.ActiveCfg = Release|Any CPU
		{D6D6DF29-89CF-401A-80AD-72D20F8F0826}.Release|Any CPU.Build.0 = Release|Any CPU
		{20333277-5E7B-47DD-9EFF-664508388AF6}.Debug|Any CPU.ActiveCfg = Debug|Any CPU
		{20333277-5E7B-47DD-9EFF-664508388AF6}.Debug|Any CPU.Build.0 = Debug|Any CPU
		{20333277-5E7B-47DD-9EFF-664508388AF6}.Release|Any CPU.ActiveCfg = Release|Any CPU
		{20333277-5E7B-47DD-9EFF-664508388AF6}.Release|Any CPU.Build.0 = Release|Any CPU
		{0F499CAF-D7B8-4BEE-9719-C9B11DAAD5C9}.Debug|Any CPU.ActiveCfg = Debug|Any CPU
		{0F499CAF-D7B8-4BEE-9719-C9B11DAAD5C9}.Debug|Any CPU.Build.0 = Debug|Any CPU
		{0F499CAF-D7B8-4BEE-9719-C9B11DAAD5C9}.Release|Any CPU.ActiveCfg = Release|Any CPU
		{0F499CAF-D7B8-4BEE-9719-C9B11DAAD5C9}.Release|Any CPU.Build.0 = Release|Any CPU
	EndGlobalSection
	GlobalSection(SolutionProperties) = preSolution
		HideSolutionNode = FALSE
	EndGlobalSection
	GlobalSection(ExtensibilityGlobals) = postSolution
		SolutionGuid = {B37B516D-5EA1-499E-996E-9EAE26DF4429}
	EndGlobalSection
EndGlobal
